Microsoft Visual Studio Solution File, Format Version 12.00
# Visual Studio Version 17
VisualStudioVersion = 17.5.2.0
MinimumVisualStudioVersion = 10.0.40219.1
Project("{2150E333-8FDC-42A3-9474-1A3956D46DE8}") = "src", "src", "{827E0CD3-B72D-47B6-A68D-7590B98EB39B}"
EndProject
Project("{FAE04EC0-301F-11D3-BF4B-00C04F79EFBC}") = "Shared", "src\Shared\Shared.csproj", "{99507BA0-BB0B-3FD9-D8E2-2AE9B409CB73}"
EndProject
Project("{FAE04EC0-301F-11D3-BF4B-00C04F79EFBC}") = "Api", "src\Api\Api.csproj", "{CBAFC0F9-5B69-AE5B-776E-B650E010DF04}"
EndProject
Project("{2150E333-8FDC-42A3-9474-1A3956D46DE8}") = "Workers", "Workers", "{FE5F7021-A3C9-35C7-FF50-8DA81625868E}"
EndProject
Project("{FAE04EC0-301F-11D3-BF4B-00C04F79EFBC}") = "ParserWorker", "src\Workers\ParserWorker\ParserWorker.csproj", "{AD7421BB-1804-540F-FFC7-95F302455FD4}"
EndProject
Project("{FAE04EC0-301F-11D3-BF4B-00C04F79EFBC}") = "ChunkerWorker", "src\Workers\ChunkerWorker\ChunkerWorker.csproj", "{50A6CDFD-11ED-466C-A6D8-D57B9637F7A8}"
EndProject
Project("{FAE04EC0-301F-11D3-BF4B-00C04F79EFBC}") = "EmbedderWorker", "src\Workers\EmbedderWorker\EmbedderWorker.csproj", "{3DFC8B95-47CA-4540-A0B9-042FFD6CBF74}"
EndProject
Project("{FAE04EC0-301F-11D3-BF4B-00C04F79EFBC}") = "IndexerWorker", "src\Workers\IndexerWorker\IndexerWorker.csproj", "{11C45A95-31E2-4087-85E2-D050D5215E1B}"
EndProject
Project("{FAE04EC0-301F-11D3-BF4B-00C04F79EFBC}") = "StatusWorker", "src\Workers\StatusWorker\StatusWorker.csproj", "{08FE322C-F38C-40FC-8CA4-E2EC9762E1DC}"
EndProject
Project("{FAE04EC0-301F-11D3-BF4B-00C04F79EFBC}") = "DeleterWorker", "src\Workers\DeleterWorker\DeleterWorker.csproj", "{1412097D-DC60-45EA-A591-D254E7C7A148}"
EndProject
Project("{FAE04EC0-301F-11D3-BF4B-00C04F79EFBC}") = "ResponseWorker", "src\Workers\ResponseWorker\ResponseWorker.csproj", "{BA64A621-EABF-483A-9249-C2A32D2DB321}"
EndProject
Project("{FAE04EC0-301F-11D3-BF4B-00C04F79EFBC}") = "QnAWorker", "src\Workers\QnAWorker\QnAWorker.csproj", "{DEB6BFD9-3C49-424C-951A-748F97734AC8}"
EndProject
Global
	GlobalSection(SolutionConfigurationPlatforms) = preSolution
		Debug|Any CPU = Debug|Any CPU
		Release|Any CPU = Release|Any CPU
	EndGlobalSection
	GlobalSection(ProjectConfigurationPlatforms) = postSolution
		{99507BA0-BB0B-3FD9-D8E2-2AE9B409CB73}.Debug|Any CPU.ActiveCfg = Debug|Any CPU
		{99507BA0-BB0B-3FD9-D8E2-2AE9B409CB73}.Debug|Any CPU.Build.0 = Debug|Any CPU
		{99507BA0-BB0B-3FD9-D8E2-2AE9B409CB73}.Release|Any CPU.ActiveCfg = Release|Any CPU
		{99507BA0-BB0B-3FD9-D8E2-2AE9B409CB73}.Release|Any CPU.Build.0 = Release|Any CPU
		{CBAFC0F9-5B69-AE5B-776E-B650E010DF04}.Debug|Any CPU.ActiveCfg = Debug|Any CPU
		{CBAFC0F9-5B69-AE5B-776E-B650E010DF04}.Debug|Any CPU.Build.0 = Debug|Any CPU
		{CBAFC0F9-5B69-AE5B-776E-B650E010DF04}.Release|Any CPU.ActiveCfg = Release|Any CPU
		{CBAFC0F9-5B69-AE5B-776E-B650E010DF04}.Release|Any CPU.Build.0 = Release|Any CPU
		{AD7421BB-1804-540F-FFC7-95F302455FD4}.Debug|Any CPU.ActiveCfg = Debug|Any CPU
		{AD7421BB-1804-540F-FFC7-95F302455FD4}.Debug|Any CPU.Build.0 = Debug|Any CPU
		{AD7421BB-1804-540F-FFC7-95F302455FD4}.Release|Any CPU.ActiveCfg = Release|Any CPU
		{AD7421BB-1804-540F-FFC7-95F302455FD4}.Release|Any CPU.Build.0 = Release|Any CPU
		{50A6CDFD-11ED-466C-A6D8-D57B9637F7A8}.Debug|Any CPU.ActiveCfg = Debug|Any CPU
		{50A6CDFD-11ED-466C-A6D8-D57B9637F7A8}.Debug|Any CPU.Build.0 = Debug|Any CPU
		{50A6CDFD-11ED-466C-A6D8-D57B9637F7A8}.Release|Any CPU.ActiveCfg = Release|Any CPU
		{50A6CDFD-11ED-466C-A6D8-D57B9637F7A8}.Release|Any CPU.Build.0 = Release|Any CPU
		{3DFC8B95-47CA-4540-A0B9-042FFD6CBF74}.Debug|Any CPU.ActiveCfg = Debug|Any CPU
		{3DFC8B95-47CA-4540-A0B9-042FFD6CBF74}.Debug|Any CPU.Build.0 = Debug|Any CPU
		{3DFC8B95-47CA-4540-A0B9-042FFD6CBF74}.Release|Any CPU.ActiveCfg = Release|Any CPU
		{3DFC8B95-47CA-4540-A0B9-042FFD6CBF74}.Release|Any CPU.Build.0 = Release|Any CPU
		{11C45A95-31E2-4087-85E2-D050D5215E1B}.Debug|Any CPU.ActiveCfg = Debug|Any CPU
		{11C45A95-31E2-4087-85E2-D050D5215E1B}.Debug|Any CPU.Build.0 = Debug|Any CPU
		{11C45A95-31E2-4087-85E2-D050D5215E1B}.Release|Any CPU.ActiveCfg = Release|Any CPU
		{11C45A95-31E2-4087-85E2-D050D5215E1B}.Release|Any CPU.Build.0 = Release|Any CPU
		{08FE322C-F38C-40FC-8CA4-E2EC9762E1DC}.Debug|Any CPU.ActiveCfg = Debug|Any CPU
		{08FE322C-F38C-40FC-8CA4-E2EC9762E1DC}.Debug|Any CPU.Build.0 = Debug|Any CPU
		{08FE322C-F38C-40FC-8CA4-E2EC9762E1DC}.Release|Any CPU.ActiveCfg = Release|Any CPU
		{08FE322C-F38C-40FC-8CA4-E2EC9762E1DC}.Release|Any CPU.Build.0 = Release|Any CPU
		{1412097D-DC60-45EA-A591-D254E7C7A148}.Debug|Any CPU.ActiveCfg = Debug|Any CPU
		{1412097D-DC60-45EA-A591-D254E7C7A148}.Debug|Any CPU.Build.0 = Debug|Any CPU
		{1412097D-DC60-45EA-A591-D254E7C7A148}.Release|Any CPU.ActiveCfg = Release|Any CPU
		{1412097D-DC60-45EA-A591-D254E7C7A148}.Release|Any CPU.Build.0 = Release|Any CPU
		{BA64A621-EABF-483A-9249-C2A32D2DB321}.Debug|Any CPU.ActiveCfg = Debug|Any CPU
		{BA64A621-EABF-483A-9249-C2A32D2DB321}.Debug|Any CPU.Build.0 = Debug|Any CPU
		{BA64A621-EABF-483A-9249-C2A32D2DB321}.Release|Any CPU.ActiveCfg = Release|Any CPU
		{BA64A621-EABF-483A-9249-C2A32D2DB321}.Release|Any CPU.Build.0 = Release|Any CPU
		{DEB6BFD9-3C49-424C-951A-748F97734AC8}.Debug|Any CPU.ActiveCfg = Debug|Any CPU
		{DEB6BFD9-3C49-424C-951A-748F97734AC8}.Debug|Any CPU.Build.0 = Debug|Any CPU
		{DEB6BFD9-3C49-424C-951A-748F97734AC8}.Release|Any CPU.ActiveCfg = Release|Any CPU
		{DEB6BFD9-3C49-424C-951A-748F97734AC8}.Release|Any CPU.Build.0 = Release|Any CPU
	EndGlobalSection
	GlobalSection(SolutionProperties) = preSolution
		HideSolutionNode = FALSE
	EndGlobalSection
	GlobalSection(NestedProjects) = preSolution
		{99507BA0-BB0B-3FD9-D8E2-2AE9B409CB73} = {827E0CD3-B72D-47B6-A68D-7590B98EB39B}
		{CBAFC0F9-5B69-AE5B-776E-B650E010DF04} = {827E0CD3-B72D-47B6-A68D-7590B98EB39B}
		{FE5F7021-A3C9-35C7-FF50-8DA81625868E} = {827E0CD3-B72D-47B6-A68D-7590B98EB39B}
		{AD7421BB-1804-540F-FFC7-95F302455FD4} = {FE5F7021-A3C9-35C7-FF50-8DA81625868E}
		{50A6CDFD-11ED-466C-A6D8-D57B9637F7A8} = {FE5F7021-A3C9-35C7-FF50-8DA81625868E}
		{3DFC8B95-47CA-4540-A0B9-042FFD6CBF74} = {FE5F7021-A3C9-35C7-FF50-8DA81625868E}
		{11C45A95-31E2-4087-85E2-D050D5215E1B} = {FE5F7021-A3C9-35C7-FF50-8DA81625868E}
		{08FE322C-F38C-40FC-8CA4-E2EC9762E1DC} = {FE5F7021-A3C9-35C7-FF50-8DA81625868E}
		{1412097D-DC60-45EA-A591-D254E7C7A148} = {FE5F7021-A3C9-35C7-FF50-8DA81625868E}
		{BA64A621-EABF-483A-9249-C2A32D2DB321} = {FE5F7021-A3C9-35C7-FF50-8DA81625868E}
		{DEB6BFD9-3C49-424C-951A-748F97734AC8} = {FE5F7021-A3C9-35C7-FF50-8DA81625868E}
	EndGlobalSection
	GlobalSection(ExtensibilityGlobals) = postSolution
		SolutionGuid = {555C86E8-742F-42FC-AD7C-E5ADB5DF11A2}
	EndGlobalSection
EndGlobal
